// !$*UTF8*$!
{
	archiveVersion = 1;
	classes = {
	};
	objectVersion = 55;
	objects = {

/* Begin PBXBuildFile section */
		71AFA7D42764F864008D7CA5 /* SwiftFormValidatorApp.swift in Sources */ = {isa = PBXBuildFile; fileRef = 71AFA7D32764F864008D7CA5 /* SwiftFormValidatorApp.swift */; };
		71AFA7D62764F864008D7CA5 /* ContentView.swift in Sources */ = {isa = PBXBuildFile; fileRef = 71AFA7D52764F864008D7CA5 /* ContentView.swift */; };
		71AFA7D82764F864008D7CA5 /* Assets.xcassets in Resources */ = {isa = PBXBuildFile; fileRef = 71AFA7D72764F864008D7CA5 /* Assets.xcassets */; };
		71AFA7DB2764F864008D7CA5 /* Preview Assets.xcassets in Resources */ = {isa = PBXBuildFile; fileRef = 71AFA7DA2764F864008D7CA5 /* Preview Assets.xcassets */; };
		71AFA7E32765AF77008D7CA5 /* TextFieldFormView.swift in Sources */ = {isa = PBXBuildFile; fileRef = 71AFA7E22765AF77008D7CA5 /* TextFieldFormView.swift */; };
		71AFA7E52765B043008D7CA5 /* DateFormView.swift in Sources */ = {isa = PBXBuildFile; fileRef = 71AFA7E42765B043008D7CA5 /* DateFormView.swift */; };
		71AFA7E72765B0AE008D7CA5 /* ButtonFormView.swift in Sources */ = {isa = PBXBuildFile; fileRef = 71AFA7E62765B0AE008D7CA5 /* ButtonFormView.swift */; };
		71AFA7EB2765B235008D7CA5 /* FormItem.swift in Sources */ = {isa = PBXBuildFile; fileRef = 71AFA7EA2765B235008D7CA5 /* FormItem.swift */; };
		71AFA7F12765BD26008D7CA5 /* FormContentBuilder.swift in Sources */ = {isa = PBXBuildFile; fileRef = 71AFA7F02765BD26008D7CA5 /* FormContentBuilder.swift */; };
		71AFA7F52765C213008D7CA5 /* RegexPatters.swift in Sources */ = {isa = PBXBuildFile; fileRef = 71AFA7F42765C213008D7CA5 /* RegexPatters.swift */; };
		71AFA7F82765C2C6008D7CA5 /* RegexFormItem.swift in Sources */ = {isa = PBXBuildFile; fileRef = 71AFA7F72765C2C6008D7CA5 /* RegexFormItem.swift */; };
		71AFA7FB2765C2DF008D7CA5 /* ValidationError.swift in Sources */ = {isa = PBXBuildFile; fileRef = 71AFA7FA2765C2DF008D7CA5 /* ValidationError.swift */; };
		71AFA7FE2765C352008D7CA5 /* ValidationManager.swift in Sources */ = {isa = PBXBuildFile; fileRef = 71AFA7FD2765C352008D7CA5 /* ValidationManager.swift */; };
/* End PBXBuildFile section */

/* Begin PBXFileReference section */
		71AFA7D02764F864008D7CA5 /* SwiftFormValidator.app */ = {isa = PBXFileReference; explicitFileType = wrapper.application; includeInIndex = 0; path = SwiftFormValidator.app; sourceTree = BUILT_PRODUCTS_DIR; };
		71AFA7D32764F864008D7CA5 /* SwiftFormValidatorApp.swift */ = {isa = PBXFileReference; lastKnownFileType = sourcecode.swift; path = SwiftFormValidatorApp.swift; sourceTree = "<group>"; };
		71AFA7D52764F864008D7CA5 /* ContentView.swift */ = {isa = PBXFileReference; lastKnownFileType = sourcecode.swift; path = ContentView.swift; sourceTree = "<group>"; };
		71AFA7D72764F864008D7CA5 /* Assets.xcassets */ = {isa = PBXFileReference; lastKnownFileType = folder.assetcatalog; path = Assets.xcassets; sourceTree = "<group>"; };
		71AFA7DA2764F864008D7CA5 /* Preview Assets.xcassets */ = {isa = PBXFileReference; lastKnownFileType = folder.assetcatalog; path = "Preview Assets.xcassets"; sourceTree = "<group>"; };
		71AFA7E22765AF77008D7CA5 /* TextFieldFormView.swift */ = {isa = PBXFileReference; lastKnownFileType = sourcecode.swift; path = TextFieldFormView.swift; sourceTree = "<group>"; };
		71AFA7E42765B043008D7CA5 /* DateFormView.swift */ = {isa = PBXFileReference; lastKnownFileType = sourcecode.swift; path = DateFormView.swift; sourceTree = "<group>"; };
		71AFA7E62765B0AE008D7CA5 /* ButtonFormView.swift */ = {isa = PBXFileReference; lastKnownFileType = sourcecode.swift; path = ButtonFormView.swift; sourceTree = "<group>"; };
		71AFA7EA2765B235008D7CA5 /* FormItem.swift */ = {isa = PBXFileReference; lastKnownFileType = sourcecode.swift; path = FormItem.swift; sourceTree = "<group>"; };
		71AFA7F02765BD26008D7CA5 /* FormContentBuilder.swift */ = {isa = PBXFileReference; lastKnownFileType = sourcecode.swift; path = FormContentBuilder.swift; sourceTree = "<group>"; };
		71AFA7F42765C213008D7CA5 /* RegexPatters.swift */ = {isa = PBXFileReference; lastKnownFileType = sourcecode.swift; path = RegexPatters.swift; sourceTree = "<group>"; };
		71AFA7F72765C2C6008D7CA5 /* RegexFormItem.swift */ = {isa = PBXFileReference; lastKnownFileType = sourcecode.swift; path = RegexFormItem.swift; sourceTree = "<group>"; };
		71AFA7FA2765C2DF008D7CA5 /* ValidationError.swift */ = {isa = PBXFileReference; lastKnownFileType = sourcecode.swift; path = ValidationError.swift; sourceTree = "<group>"; };
		71AFA7FD2765C352008D7CA5 /* ValidationManager.swift */ = {isa = PBXFileReference; lastKnownFileType = sourcecode.swift; path = ValidationManager.swift; sourceTree = "<group>"; };
/* End PBXFileReference section */

/* Begin PBXFrameworksBuildPhase section */
		71AFA7CD2764F864008D7CA5 /* Frameworks */ = {
			isa = PBXFrameworksBuildPhase;
			buildActionMask = 2147483647;
			files = (
			);
			runOnlyForDeploymentPostprocessing = 0;
		};
/* End PBXFrameworksBuildPhase section */

/* Begin PBXGroup section */
		71AFA7C72764F864008D7CA5 = {
			isa = PBXGroup;
			children = (
				71AFA7D22764F864008D7CA5 /* SwiftFormValidator */,
				71AFA7D12764F864008D7CA5 /* Products */,
			);
			sourceTree = "<group>";
		};
		71AFA7D12764F864008D7CA5 /* Products */ = {
			isa = PBXGroup;
			children = (
				71AFA7D02764F864008D7CA5 /* SwiftFormValidator.app */,
			);
			name = Products;
			sourceTree = "<group>";
		};
		71AFA7D22764F864008D7CA5 /* SwiftFormValidator */ = {
			isa = PBXGroup;
			children = (
				71AFA7E82765B219008D7CA5 /* Form */,
				71AFA7D32764F864008D7CA5 /* SwiftFormValidatorApp.swift */,
				71AFA7D52764F864008D7CA5 /* ContentView.swift */,
				71AFA7D72764F864008D7CA5 /* Assets.xcassets */,
				71AFA7D92764F864008D7CA5 /* Preview Content */,
			);
			path = SwiftFormValidator;
			sourceTree = "<group>";
		};
		71AFA7D92764F864008D7CA5 /* Preview Content */ = {
			isa = PBXGroup;
			children = (
				71AFA7DA2764F864008D7CA5 /* Preview Assets.xcassets */,
			);
			path = "Preview Content";
			sourceTree = "<group>";
		};
		71AFA7E12765AF67008D7CA5 /* Views */ = {
			isa = PBXGroup;
			children = (
				71AFA7E22765AF77008D7CA5 /* TextFieldFormView.swift */,
				71AFA7E42765B043008D7CA5 /* DateFormView.swift */,
				71AFA7E62765B0AE008D7CA5 /* ButtonFormView.swift */,
			);
			path = Views;
			sourceTree = "<group>";
		};
		71AFA7E82765B219008D7CA5 /* Form */ = {
			isa = PBXGroup;
			children = (
				71AFA7F22765C1FE008D7CA5 /* Regex */,
				71AFA7EF2765BD1D008D7CA5 /* Builder */,
				71AFA7E92765B229008D7CA5 /* Model */,
				71AFA7E12765AF67008D7CA5 /* Views */,
			);
			path = Form;
			sourceTree = "<group>";
		};
		71AFA7E92765B229008D7CA5 /* Model */ = {
			isa = PBXGroup;
			children = (
				71AFA7EA2765B235008D7CA5 /* FormItem.swift */,
			);
			path = Model;
			sourceTree = "<group>";
		};
		71AFA7EF2765BD1D008D7CA5 /* Builder */ = {
			isa = PBXGroup;
			children = (
				71AFA7F02765BD26008D7CA5 /* FormContentBuilder.swift */,
			);
			path = Builder;
			sourceTree = "<group>";
		};
		71AFA7F22765C1FE008D7CA5 /* Regex */ = {
			isa = PBXGroup;
			children = (
				71AFA7FC2765C33A008D7CA5 /* Manager */,
				71AFA7F92765C2D8008D7CA5 /* Error */,
				71AFA7F62765C2B9008D7CA5 /* Model */,
				71AFA7F32765C207008D7CA5 /* Patterns */,
			);
			path = Regex;
			sourceTree = "<group>";
		};
		71AFA7F32765C207008D7CA5 /* Patterns */ = {
			isa = PBXGroup;
			children = (
				71AFA7F42765C213008D7CA5 /* RegexPatters.swift */,
			);
			path = Patterns;
			sourceTree = "<group>";
		};
		71AFA7F62765C2B9008D7CA5 /* Model */ = {
			isa = PBXGroup;
			children = (
				71AFA7F72765C2C6008D7CA5 /* RegexFormItem.swift */,
			);
			path = Model;
			sourceTree = "<group>";
		};
		71AFA7F92765C2D8008D7CA5 /* Error */ = {
			isa = PBXGroup;
			children = (
				71AFA7FA2765C2DF008D7CA5 /* ValidationError.swift */,
			);
			path = Error;
			sourceTree = "<group>";
		};
		71AFA7FC2765C33A008D7CA5 /* Manager */ = {
			isa = PBXGroup;
			children = (
				71AFA7FD2765C352008D7CA5 /* ValidationManager.swift */,
			);
			path = Manager;
			sourceTree = "<group>";
		};
/* End PBXGroup section */

/* Begin PBXNativeTarget section */
		71AFA7CF2764F864008D7CA5 /* SwiftFormValidator */ = {
			isa = PBXNativeTarget;
			buildConfigurationList = 71AFA7DE2764F864008D7CA5 /* Build configuration list for PBXNativeTarget "SwiftFormValidator" */;
			buildPhases = (
				71AFA7CC2764F864008D7CA5 /* Sources */,
				71AFA7CD2764F864008D7CA5 /* Frameworks */,
				71AFA7CE2764F864008D7CA5 /* Resources */,
			);
			buildRules = (
			);
			dependencies = (
			);
			name = SwiftFormValidator;
			productName = SwiftFormValidator;
			productReference = 71AFA7D02764F864008D7CA5 /* SwiftFormValidator.app */;
			productType = "com.apple.product-type.application";
		};
/* End PBXNativeTarget section */

/* Begin PBXProject section */
		71AFA7C82764F864008D7CA5 /* Project object */ = {
			isa = PBXProject;
			attributes = {
				BuildIndependentTargetsInParallel = 1;
				LastSwiftUpdateCheck = 1310;
				LastUpgradeCheck = 1310;
				TargetAttributes = {
					71AFA7CF2764F864008D7CA5 = {
						CreatedOnToolsVersion = 13.1;
					};
				};
			};
			buildConfigurationList = 71AFA7CB2764F864008D7CA5 /* Build configuration list for PBXProject "SwiftFormValidator" */;
			compatibilityVersion = "Xcode 13.0";
			developmentRegion = en;
			hasScannedForEncodings = 0;
			knownRegions = (
				en,
				Base,
			);
			mainGroup = 71AFA7C72764F864008D7CA5;
			productRefGroup = 71AFA7D12764F864008D7CA5 /* Products */;
			projectDirPath = "";
			projectRoot = "";
			targets = (
				71AFA7CF2764F864008D7CA5 /* SwiftFormValidator */,
			);
		};
/* End PBXProject section */

/* Begin PBXResourcesBuildPhase section */
		71AFA7CE2764F864008D7CA5 /* Resources */ = {
			isa = PBXResourcesBuildPhase;
			buildActionMask = 2147483647;
			files = (
				71AFA7DB2764F864008D7CA5 /* Preview Assets.xcassets in Resources */,
				71AFA7D82764F864008D7CA5 /* Assets.xcassets in Resources */,
			);
			runOnlyForDeploymentPostprocessing = 0;
		};
/* End PBXResourcesBuildPhase section */

/* Begin PBXSourcesBuildPhase section */
		71AFA7CC2764F864008D7CA5 /* Sources */ = {
			isa = PBXSourcesBuildPhase;
			buildActionMask = 2147483647;
			files = (
				71AFA7FE2765C352008D7CA5 /* ValidationManager.swift in Sources */,
				71AFA7EB2765B235008D7CA5 /* FormItem.swift in Sources */,
				71AFA7FB2765C2DF008D7CA5 /* ValidationError.swift in Sources */,
				71AFA7D62764F864008D7CA5 /* ContentView.swift in Sources */,
				71AFA7E72765B0AE008D7CA5 /* ButtonFormView.swift in Sources */,
				71AFA7F52765C213008D7CA5 /* RegexPatters.swift in Sources */,
				71AFA7E32765AF77008D7CA5 /* TextFieldFormView.swift in Sources */,
				71AFA7F12765BD26008D7CA5 /* FormContentBuilder.swift in Sources */,
				71AFA7F82765C2C6008D7CA5 /* RegexFormItem.swift in Sources */,
				71AFA7E52765B043008D7CA5 /* DateFormView.swift in Sources */,
				71AFA7D42764F864008D7CA5 /* SwiftFormValidatorApp.swift in Sources */,
			);
			runOnlyForDeploymentPostprocessing = 0;
		};
/* End PBXSourcesBuildPhase section */

/* Begin XCBuildConfiguration section */
		71AFA7DC2764F864008D7CA5 /* Debug */ = {
			isa = XCBuildConfiguration;
			buildSettings = {
				ALWAYS_SEARCH_USER_PATHS = NO;
				CLANG_ANALYZER_NONNULL = YES;
				CLANG_ANALYZER_NUMBER_OBJECT_CONVERSION = YES_AGGRESSIVE;
				CLANG_CXX_LANGUAGE_STANDARD = "gnu++17";
				CLANG_CXX_LIBRARY = "libc++";
				CLANG_ENABLE_MODULES = YES;
				CLANG_ENABLE_OBJC_ARC = YES;
				CLANG_ENABLE_OBJC_WEAK = YES;
				CLANG_WARN_BLOCK_CAPTURE_AUTORELEASING = YES;
				CLANG_WARN_BOOL_CONVERSION = YES;
				CLANG_WARN_COMMA = YES;
				CLANG_WARN_CONSTANT_CONVERSION = YES;
				CLANG_WARN_DEPRECATED_OBJC_IMPLEMENTATIONS = YES;
				CLANG_WARN_DIRECT_OBJC_ISA_USAGE = YES_ERROR;
				CLANG_WARN_DOCUMENTATION_COMMENTS = YES;
				CLANG_WARN_EMPTY_BODY = YES;
				CLANG_WARN_ENUM_CONVERSION = YES;
				CLANG_WARN_INFINITE_RECURSION = YES;
				CLANG_WARN_INT_CONVERSION = YES;
				CLANG_WARN_NON_LITERAL_NULL_CONVERSION = YES;
				CLANG_WARN_OBJC_IMPLICIT_RETAIN_SELF = YES;
				CLANG_WARN_OBJC_LITERAL_CONVERSION = YES;
				CLANG_WARN_OBJC_ROOT_CLASS = YES_ERROR;
				CLANG_WARN_QUOTED_INCLUDE_IN_FRAMEWORK_HEADER = YES;
				CLANG_WARN_RANGE_LOOP_ANALYSIS = YES;
				CLANG_WARN_STRICT_PROTOTYPES = YES;
				CLANG_WARN_SUSPICIOUS_MOVE = YES;
				CLANG_WARN_UNGUARDED_AVAILABILITY = YES_AGGRESSIVE;
				CLANG_WARN_UNREACHABLE_CODE = YES;
				CLANG_WARN__DUPLICATE_METHOD_MATCH = YES;
				COPY_PHASE_STRIP = NO;
				DEBUG_INFORMATION_FORMAT = dwarf;
				ENABLE_STRICT_OBJC_MSGSEND = YES;
				ENABLE_TESTABILITY = YES;
				GCC_C_LANGUAGE_STANDARD = gnu11;
				GCC_DYNAMIC_NO_PIC = NO;
				GCC_NO_COMMON_BLOCKS = YES;
				GCC_OPTIMIZATION_LEVEL = 0;
				GCC_PREPROCESSOR_DEFINITIONS = (
					"DEBUG=1",
					"$(inherited)",
				);
				GCC_WARN_64_TO_32_BIT_CONVERSION = YES;
				GCC_WARN_ABOUT_RETURN_TYPE = YES_ERROR;
				GCC_WARN_UNDECLARED_SELECTOR = YES;
				GCC_WARN_UNINITIALIZED_AUTOS = YES_AGGRESSIVE;
				GCC_WARN_UNUSED_FUNCTION = YES;
				GCC_WARN_UNUSED_VARIABLE = YES;
				IPHONEOS_DEPLOYMENT_TARGET = 15.0;
				MTL_ENABLE_DEBUG_INFO = INCLUDE_SOURCE;
				MTL_FAST_MATH = YES;
				ONLY_ACTIVE_ARCH = YES;
				SDKROOT = iphoneos;
				SWIFT_ACTIVE_COMPILATION_CONDITIONS = DEBUG;
				SWIFT_OPTIMIZATION_LEVEL = "-Onone";
			};
			name = Debug;
		};
		71AFA7DD2764F864008D7CA5 /* Release */ = {
			isa = XCBuildConfiguration;
			buildSettings = {
				ALWAYS_SEARCH_USER_PATHS = NO;
				CLANG_ANALYZER_NONNULL = YES;
				CLANG_ANALYZER_NUMBER_OBJECT_CONVERSION = YES_AGGRESSIVE;
				CLANG_CXX_LANGUAGE_STANDARD = "gnu++17";
				CLANG_CXX_LIBRARY = "libc++";
				CLANG_ENABLE_MODULES = YES;
				CLANG_ENABLE_OBJC_ARC = YES;
				CLANG_ENABLE_OBJC_WEAK = YES;
				CLANG_WARN_BLOCK_CAPTURE_AUTORELEASING = YES;
				CLANG_WARN_BOOL_CONVERSION = YES;
				CLANG_WARN_COMMA = YES;
				CLANG_WARN_CONSTANT_CONVERSION = YES;
				CLANG_WARN_DEPRECATED_OBJC_IMPLEMENTATIONS = YES;
				CLANG_WARN_DIRECT_OBJC_ISA_USAGE = YES_ERROR;
				CLANG_WARN_DOCUMENTATION_COMMENTS = YES;
				CLANG_WARN_EMPTY_BODY = YES;
				CLANG_WARN_ENUM_CONVERSION = YES;
				CLANG_WARN_INFINITE_RECURSION = YES;
				CLANG_WARN_INT_CONVERSION = YES;
				CLANG_WARN_NON_LITERAL_NULL_CONVERSION = YES;
				CLANG_WARN_OBJC_IMPLICIT_RETAIN_SELF = YES;
				CLANG_WARN_OBJC_LITERAL_CONVERSION = YES;
				CLANG_WARN_OBJC_ROOT_CLASS = YES_ERROR;
				CLANG_WARN_QUOTED_INCLUDE_IN_FRAMEWORK_HEADER = YES;
				CLANG_WARN_RANGE_LOOP_ANALYSIS = YES;
				CLANG_WARN_STRICT_PROTOTYPES = YES;
				CLANG_WARN_SUSPICIOUS_MOVE = YES;
				CLANG_WARN_UNGUARDED_AVAILABILITY = YES_AGGRESSIVE;
				CLANG_WARN_UNREACHABLE_CODE = YES;
				CLANG_WARN__DUPLICATE_METHOD_MATCH = YES;
				COPY_PHASE_STRIP = NO;
				DEBUG_INFORMATION_FORMAT = "dwarf-with-dsym";
				ENABLE_NS_ASSERTIONS = NO;
				ENABLE_STRICT_OBJC_MSGSEND = YES;
				GCC_C_LANGUAGE_STANDARD = gnu11;
				GCC_NO_COMMON_BLOCKS = YES;
				GCC_WARN_64_TO_32_BIT_CONVERSION = YES;
				GCC_WARN_ABOUT_RETURN_TYPE = YES_ERROR;
				GCC_WARN_UNDECLARED_SELECTOR = YES;
				GCC_WARN_UNINITIALIZED_AUTOS = YES_AGGRESSIVE;
				GCC_WARN_UNUSED_FUNCTION = YES;
				GCC_WARN_UNUSED_VARIABLE = YES;
				IPHONEOS_DEPLOYMENT_TARGET = 15.0;
				MTL_ENABLE_DEBUG_INFO = NO;
				MTL_FAST_MATH = YES;
				SDKROOT = iphoneos;
				SWIFT_COMPILATION_MODE = wholemodule;
				SWIFT_OPTIMIZATION_LEVEL = "-O";
				VALIDATE_PRODUCT = YES;
			};
			name = Release;
		};
		71AFA7DF2764F864008D7CA5 /* Debug */ = {
			isa = XCBuildConfiguration;
			buildSettings = {
				ASSETCATALOG_COMPILER_APPICON_NAME = AppIcon;
				ASSETCATALOG_COMPILER_GLOBAL_ACCENT_COLOR_NAME = AccentColor;
				CODE_SIGN_STYLE = Automatic;
				CURRENT_PROJECT_VERSION = 1;
				DEVELOPMENT_ASSET_PATHS = "\"SwiftFormValidator/Preview Content\"";
				DEVELOPMENT_TEAM = G6V85GALCN;
				ENABLE_PREVIEWS = YES;
				GENERATE_INFOPLIST_FILE = YES;
				INFOPLIST_KEY_UIApplicationSceneManifest_Generation = YES;
				INFOPLIST_KEY_UIApplicationSupportsIndirectInputEvents = YES;
				INFOPLIST_KEY_UILaunchScreen_Generation = YES;
				INFOPLIST_KEY_UISupportedInterfaceOrientations_iPad = "UIInterfaceOrientationPortrait UIInterfaceOrientationPortraitUpsideDown UIInterfaceOrientationLandscapeLeft UIInterfaceOrientationLandscapeRight";
				INFOPLIST_KEY_UISupportedInterfaceOrientations_iPhone = "UIInterfaceOrientationPortrait UIInterfaceOrientationLandscapeLeft UIInterfaceOrientationLandscapeRight";
				LD_RUNPATH_SEARCH_PATHS = (
					"$(inherited)",
					"@executable_path/Frameworks",
				);
				MARKETING_VERSION = 1.0;
				PRODUCT_BUNDLE_IDENTIFIER = net.naolin.SwiftFormValidator;
				PRODUCT_NAME = "$(TARGET_NAME)";
				SWIFT_EMIT_LOC_STRINGS = YES;
				SWIFT_VERSION = 5.0;
				TARGETED_DEVICE_FAMILY = "1,2";
			};
			name = Debug;
		};
		71AFA7E02764F864008D7CA5 /* Release */ = {
			isa = XCBuildConfiguration;
			buildSettings = {
				ASSETCATALOG_COMPILER_APPICON_NAME = AppIcon;
				ASSETCATALOG_COMPILER_GLOBAL_ACCENT_COLOR_NAME = AccentColor;
				CODE_SIGN_STYLE = Automatic;
				CURRENT_PROJECT_VERSION = 1;
				DEVELOPMENT_ASSET_PATHS = "\"SwiftFormValidator/Preview Content\"";
				DEVELOPMENT_TEAM = G6V85GALCN;
				ENABLE_PREVIEWS = YES;
				GENERATE_INFOPLIST_FILE = YES;
				INFOPLIST_KEY_UIApplicationSceneManifest_Generation = YES;
				INFOPLIST_KEY_UIApplicationSupportsIndirectInputEvents = YES;
				INFOPLIST_KEY_UILaunchScreen_Generation = YES;
				INFOPLIST_KEY_UISupportedInterfaceOrientations_iPad = "UIInterfaceOrientationPortrait UIInterfaceOrientationPortraitUpsideDown UIInterfaceOrientationLandscapeLeft UIInterfaceOrientationLandscapeRight";
				INFOPLIST_KEY_UISupportedInterfaceOrientations_iPhone = "UIInterfaceOrientationPortrait UIInterfaceOrientationLandscapeLeft UIInterfaceOrientationLandscapeRight";
				LD_RUNPATH_SEARCH_PATHS = (
					"$(inherited)",
					"@executable_path/Frameworks",
				);
				MARKETING_VERSION = 1.0;
				PRODUCT_BUNDLE_IDENTIFIER = net.naolin.SwiftFormValidator;
				PRODUCT_NAME = "$(TARGET_NAME)";
				SWIFT_EMIT_LOC_STRINGS = YES;
				SWIFT_VERSION = 5.0;
				TARGETED_DEVICE_FAMILY = "1,2";
			};
			name = Release;
		};
/* End XCBuildConfiguration section */

/* Begin XCConfigurationList section */
		71AFA7CB2764F864008D7CA5 /* Build configuration list for PBXProject "SwiftFormValidator" */ = {
			isa = XCConfigurationList;
			buildConfigurations = (
				71AFA7DC2764F864008D7CA5 /* Debug */,
				71AFA7DD2764F864008D7CA5 /* Release */,
			);
			defaultConfigurationIsVisible = 0;
			defaultConfigurationName = Release;
		};
		71AFA7DE2764F864008D7CA5 /* Build configuration list for PBXNativeTarget "SwiftFormValidator" */ = {
			isa = XCConfigurationList;
			buildConfigurations = (
				71AFA7DF2764F864008D7CA5 /* Debug */,
				71AFA7E02764F864008D7CA5 /* Release */,
			);
			defaultConfigurationIsVisible = 0;
			defaultConfigurationName = Release;
		};
/* End XCConfigurationList section */
	};
	rootObject = 71AFA7C82764F864008D7CA5 /* Project object */;
}
